Microsoft Visual Studio Solution File, Format Version 12.00
# Visual Studio Version 17
VisualStudioVersion = 17.5.2.0
MinimumVisualStudioVersion = 10.0.40219.1
Project("{FAE04EC0-301F-11D3-BF4B-00C04F79EFBC}") = "ApiCrud", "Backend\ApiCrud.csproj", "{208B2C29-5043-0876-DBEE-A16EA2B43D2E}"
EndProject
Global
	GlobalSection(SolutionConfigurationPlatforms) = preSolution
		Debug|Any CPU = Debug|Any CPU
		Release|Any CPU = Release|Any CPU
	EndGlobalSection
	GlobalSection(ProjectConfigurationPlatforms) = postSolution
		{208B2C29-5043-0876-DBEE-A16EA2B43D2E}.Debug|Any CPU.ActiveCfg = Debug|Any CPU
		{208B2C29-5043-0876-DBEE-A16EA2B43D2E}.Debug|Any CPU.Build.0 = Debug|Any CPU
		{208B2C29-5043-0876-DBEE-A16EA2B43D2E}.Release|Any CPU.ActiveCfg = Release|Any CPU
		{208B2C29-5043-0876-DBEE-A16EA2B43D2E}.Release|Any CPU.Build.0 = Release|Any CPU
	EndGlobalSection
	GlobalSection(SolutionProperties) = preSolution
		HideSolutionNode = FALSE
	EndGlobalSection
	GlobalSection(ExtensibilityGlobals) = postSolution
		SolutionGuid = {C4D898D8-E2A9-42D2-8B7B-C3679B1E9610}
	EndGlobalSection
EndGlobal
